# THIS IS AN AUTOGENERATED FILE. DO NOT EDIT THIS FILE DIRECTLY.
# yarn lockfile v1


"@types/arangodb@^3.4.9":
  version "3.4.9"
  resolved "https://registry.yarnpkg.com/@types/arangodb/-/arangodb-3.4.9.tgz#352d9731452c5bc67a360ffd7b9b6a337fe9d5a1"
  integrity sha512-iqCQoW+F1/gNnpK6b8n7d9pIYnLwplLPmomscNkkYELFU+OyTJs6WalUjlJIGyZCiRJnBRnYm9ju1f+1Yijl0A==
  dependencies:
    "@types/graphql" "*"
    "@types/node" "*"

"@types/graphql@*":
  version "14.2.0"
  resolved "https://registry.yarnpkg.com/@types/graphql/-/graphql-14.2.0.tgz#74e1da5f2a4a744ac6eb3ed57b48242ea9367202"
  integrity sha512-lELg5m6eBOmATWyCZl8qULEOvnPIUG6B443yXKj930glXIgwQirIBPp5rthP2amJW0YSzUg2s5sfgba4mRRCNw==

"@types/node@*":
  version "11.13.0"
  resolved "https://registry.yarnpkg.com/@types/node/-/node-11.13.0.tgz#b0df8d6ef9b5001b2be3a94d909ce3c29a80f9e1"
  integrity sha512-rx29MMkRdVmzunmiA4lzBYJNnXsW/PhG4kMBy2ATsYaDjGGR75dCFEVVROKpNwlVdcUX3xxlghKQOeDPBJobng==
